
Microsoft Visual Studio Solution File, Format Version 12.00
# Visual Studio Version 17
VisualStudioVersion = 17.5.002.0
MinimumVisualStudioVersion = 10.0.40219.1
Project("{9A19103F-16F7-4668-BE54-9A1E7A4F7556}") = "Enozom", "Enozom.csproj", "{E51EA879-557D-44B0-81CD-FE6B3D12D5F8}"
EndProject
Global
	GlobalSection(SolutionConfigurationPlatforms) = preSolution
		Debug|Any CPU = Debug|Any CPU
		Release|Any CPU = Release|Any CPU
	EndGlobalSection
	GlobalSection(ProjectConfigurationPlatforms) = postSolution
		{E51EA879-557D-44B0-81CD-FE6B3D12D5F8}.Debug|Any CPU.ActiveCfg = Debug|Any CPU
		{E51EA879-557D-44B0-81CD-FE6B3D12D5F8}.Debug|Any CPU.Build.0 = Debug|Any CPU
		{E51EA879-557D-44B0-81CD-FE6B3D12D5F8}.Release|Any CPU.ActiveCfg = Release|Any CPU
		{E51EA879-557D-44B0-81CD-FE6B3D12D5F8}.Release|Any CPU.Build.0 = Release|Any CPU
	EndGlobalSection
	GlobalSection(SolutionProperties) = preSolution
		HideSolutionNode = FALSE
	EndGlobalSection
	GlobalSection(ExtensibilityGlobals) = postSolution
		SolutionGuid = {B24D8DD6-4021-4FFE-AB6F-1E6AC3EA01FF}
	EndGlobalSection
EndGlobal
